
Microsoft Visual Studio Solution File, Format Version 12.00
# Visual Studio Version 17
VisualStudioVersion = 17.1.32210.238
MinimumVisualStudioVersion = 10.0.40219.1
Project("{9A19103F-16F7-4668-BE54-9A1E7A4F7556}") = "WBlog.Infrastructure.Data", "src\WBlog.Infrastructure.Data\WBlog.Infrastructure.Data.csproj", "{60A92E60-B05E-4C33-A430-E03D0E92E242}"
EndProject
Project("{9A19103F-16F7-4668-BE54-9A1E7A4F7556}") = "WBlog.Application.Core", "src\WBlog.Application.Core\WBlog.Application.Core.csproj", "{C4614A82-D5DA-43D3-B67A-F7B8EA9E3FBE}"
EndProject
Project("{9A19103F-16F7-4668-BE54-9A1E7A4F7556}") = "WBlog.Application.Domain", "src\WBlog.Application.Domain\WBlog.Application.Domain.csproj", "{7E3E5386-14F5-4744-8DD2-671AF62F1D5A}"
EndProject
Project("{9A19103F-16F7-4668-BE54-9A1E7A4F7556}") = "WBlog.Web.Api", "src\WBlog.Web.Api\WBlog.Web.Api.csproj", "{FD46F1D0-5209-4C20-9B75-826B0B9F0D44}"
EndProject
Project("{9A19103F-16F7-4668-BE54-9A1E7A4F7556}") = "WBlog.Infrastructure", "src\WBlog.Infrastructure\WBlog.Infrastructure.csproj", "{280C6E06-01A3-4408-A5C7-988C0EE07C7E}"
EndProject
Project("{9A19103F-16F7-4668-BE54-9A1E7A4F7556}") = "Wblog.WebUI", "src\Wblog.WebUI\Wblog.WebUI.csproj", "{6033DEF4-2D9C-4AF2-80D8-99D45030A710}"
	ProjectSection(ProjectDependencies) = postProject
		{280C6E06-01A3-4408-A5C7-988C0EE07C7E} = {280C6E06-01A3-4408-A5C7-988C0EE07C7E}
		{60A92E60-B05E-4C33-A430-E03D0E92E242} = {60A92E60-B05E-4C33-A430-E03D0E92E242}
		{7E3E5386-14F5-4744-8DD2-671AF62F1D5A} = {7E3E5386-14F5-4744-8DD2-671AF62F1D5A}
	EndProjectSection
EndProject
Project("{9A19103F-16F7-4668-BE54-9A1E7A4F7556}") = "Wblog.Admin", "src\Wblog.Admin\Wblog.Admin.csproj", "{CF563678-14BE-423D-B376-92ABC13C5356}"
EndProject
Global
	GlobalSection(SolutionConfigurationPlatforms) = preSolution
		Debug|Any CPU = Debug|Any CPU
		Release|Any CPU = Release|Any CPU
	EndGlobalSection
	GlobalSection(ProjectConfigurationPlatforms) = postSolution
		{60A92E60-B05E-4C33-A430-E03D0E92E242}.Debug|Any CPU.ActiveCfg = Debug|Any CPU
		{60A92E60-B05E-4C33-A430-E03D0E92E242}.Debug|Any CPU.Build.0 = Debug|Any CPU
		{60A92E60-B05E-4C33-A430-E03D0E92E242}.Release|Any CPU.ActiveCfg = Release|Any CPU
		{60A92E60-B05E-4C33-A430-E03D0E92E242}.Release|Any CPU.Build.0 = Release|Any CPU
		{C4614A82-D5DA-43D3-B67A-F7B8EA9E3FBE}.Debug|Any CPU.ActiveCfg = Debug|Any CPU
		{C4614A82-D5DA-43D3-B67A-F7B8EA9E3FBE}.Debug|Any CPU.Build.0 = Debug|Any CPU
		{C4614A82-D5DA-43D3-B67A-F7B8EA9E3FBE}.Release|Any CPU.ActiveCfg = Release|Any CPU
		{C4614A82-D5DA-43D3-B67A-F7B8EA9E3FBE}.Release|Any CPU.Build.0 = Release|Any CPU
		{7E3E5386-14F5-4744-8DD2-671AF62F1D5A}.Debug|Any CPU.ActiveCfg = Debug|Any CPU
		{7E3E5386-14F5-4744-8DD2-671AF62F1D5A}.Debug|Any CPU.Build.0 = Debug|Any CPU
		{7E3E5386-14F5-4744-8DD2-671AF62F1D5A}.Release|Any CPU.ActiveCfg = Release|Any CPU
		{7E3E5386-14F5-4744-8DD2-671AF62F1D5A}.Release|Any CPU.Build.0 = Release|Any CPU
		{FD46F1D0-5209-4C20-9B75-826B0B9F0D44}.Debug|Any CPU.ActiveCfg = Debug|Any CPU
		{FD46F1D0-5209-4C20-9B75-826B0B9F0D44}.Debug|Any CPU.Build.0 = Debug|Any CPU
		{FD46F1D0-5209-4C20-9B75-826B0B9F0D44}.Release|Any CPU.ActiveCfg = Release|Any CPU
		{FD46F1D0-5209-4C20-9B75-826B0B9F0D44}.Release|Any CPU.Build.0 = Release|Any CPU
		{280C6E06-01A3-4408-A5C7-988C0EE07C7E}.Debug|Any CPU.ActiveCfg = Debug|Any CPU
		{280C6E06-01A3-4408-A5C7-988C0EE07C7E}.Debug|Any CPU.Build.0 = Debug|Any CPU
		{280C6E06-01A3-4408-A5C7-988C0EE07C7E}.Release|Any CPU.ActiveCfg = Release|Any CPU
		{280C6E06-01A3-4408-A5C7-988C0EE07C7E}.Release|Any CPU.Build.0 = Release|Any CPU
		{6033DEF4-2D9C-4AF2-80D8-99D45030A710}.Debug|Any CPU.ActiveCfg = Debug|Any CPU
		{6033DEF4-2D9C-4AF2-80D8-99D45030A710}.Debug|Any CPU.Build.0 = Debug|Any CPU
		{6033DEF4-2D9C-4AF2-80D8-99D45030A710}.Release|Any CPU.ActiveCfg = Release|Any CPU
		{6033DEF4-2D9C-4AF2-80D8-99D45030A710}.Release|Any CPU.Build.0 = Release|Any CPU
		{CF563678-14BE-423D-B376-92ABC13C5356}.Debug|Any CPU.ActiveCfg = Debug|Any CPU
		{CF563678-14BE-423D-B376-92ABC13C5356}.Debug|Any CPU.Build.0 = Debug|Any CPU
		{CF563678-14BE-423D-B376-92ABC13C5356}.Release|Any CPU.ActiveCfg = Release|Any CPU
		{CF563678-14BE-423D-B376-92ABC13C5356}.Release|Any CPU.Build.0 = Release|Any CPU
	EndGlobalSection
	GlobalSection(SolutionProperties) = preSolution
		HideSolutionNode = FALSE
	EndGlobalSection
	GlobalSection(ExtensibilityGlobals) = postSolution
		SolutionGuid = {ADE32439-91CB-42FF-8798-4F22B9B1B1D2}
	EndGlobalSection
EndGlobal
